
Microsoft Visual Studio Solution File, Format Version 12.00
# Visual Studio Version 17
VisualStudioVersion = 17.4.33403.182
MinimumVisualStudioVersion = 10.0.40219.1
Project("{FAE04EC0-301F-11D3-BF4B-00C04F79EFBC}") = "Pronia.UI", "Pronia.UI\Pronia.UI.csproj", "{2052824A-D56E-4B3D-A4F9-10EC9573F68C}"
EndProject
Project("{FAE04EC0-301F-11D3-BF4B-00C04F79EFBC}") = "Pronia.Core", "Pronia.Core\Pronia.Core.csproj", "{91151C40-CFEB-4CF0-9140-2BEA8C5A919F}"
EndProject
Project("{FAE04EC0-301F-11D3-BF4B-00C04F79EFBC}") = "Pronia.DataAccess", "Pronia.DataAccess\Pronia.DataAccess.csproj", "{F9C98F8C-AC09-4051-8479-A8000ECFE64A}"
EndProject
Global
	GlobalSection(SolutionConfigurationPlatforms) = preSolution
		Debug|Any CPU = Debug|Any CPU
		Release|Any CPU = Release|Any CPU
	EndGlobalSection
	GlobalSection(ProjectConfigurationPlatforms) = postSolution
		{2052824A-D56E-4B3D-A4F9-10EC9573F68C}.Debug|Any CPU.ActiveCfg = Debug|Any CPU
		{2052824A-D56E-4B3D-A4F9-10EC9573F68C}.Debug|Any CPU.Build.0 = Debug|Any CPU
		{2052824A-D56E-4B3D-A4F9-10EC9573F68C}.Release|Any CPU.ActiveCfg = Release|Any CPU
		{2052824A-D56E-4B3D-A4F9-10EC9573F68C}.Release|Any CPU.Build.0 = Release|Any CPU
		{91151C40-CFEB-4CF0-9140-2BEA8C5A919F}.Debug|Any CPU.ActiveCfg = Debug|Any CPU
		{91151C40-CFEB-4CF0-9140-2BEA8C5A919F}.Debug|Any CPU.Build.0 = Debug|Any CPU
		{91151C40-CFEB-4CF0-9140-2BEA8C5A919F}.Release|Any CPU.ActiveCfg = Release|Any CPU
		{91151C40-CFEB-4CF0-9140-2BEA8C5A919F}.Release|Any CPU.Build.0 = Release|Any CPU
		{F9C98F8C-AC09-4051-8479-A8000ECFE64A}.Debug|Any CPU.ActiveCfg = Debug|Any CPU
		{F9C98F8C-AC09-4051-8479-A8000ECFE64A}.Debug|Any CPU.Build.0 = Debug|Any CPU
		{F9C98F8C-AC09-4051-8479-A8000ECFE64A}.Release|Any CPU.ActiveCfg = Release|Any CPU
		{F9C98F8C-AC09-4051-8479-A8000ECFE64A}.Release|Any CPU.Build.0 = Release|Any CPU
	EndGlobalSection
	GlobalSection(SolutionProperties) = preSolution
		HideSolutionNode = FALSE
	EndGlobalSection
	GlobalSection(ExtensibilityGlobals) = postSolution
		SolutionGuid = {F292FFDF-F8EB-4395-91E9-552F105A9E5D}
	EndGlobalSection
EndGlobal
